
Microsoft Visual Studio Solution File, Format Version 12.00
# Visual Studio Version 17
VisualStudioVersion = 17.5.33530.505
MinimumVisualStudioVersion = 10.0.40219.1
Project("{FAE04EC0-301F-11D3-BF4B-00C04F79EFBC}") = "Calculator", "Calculator\Calculator.csproj", "{63AE31E6-859B-47C0-960E-B1A7D9AFAF52}"
EndProject
Global
	GlobalSection(SolutionConfigurationPlatforms) = preSolution
		Debug|Any CPU = Debug|Any CPU
		Release|Any CPU = Release|Any CPU
	EndGlobalSection
	GlobalSection(ProjectConfigurationPlatforms) = postSolution
		{63AE31E6-859B-47C0-960E-B1A7D9AFAF52}.Debug|Any CPU.ActiveCfg = Debug|Any CPU
		{63AE31E6-859B-47C0-960E-B1A7D9AFAF52}.Debug|Any CPU.Build.0 = Debug|Any CPU
		{63AE31E6-859B-47C0-960E-B1A7D9AFAF52}.Release|Any CPU.ActiveCfg = Release|Any CPU
		{63AE31E6-859B-47C0-960E-B1A7D9AFAF52}.Release|Any CPU.Build.0 = Release|Any CPU
	EndGlobalSection
	GlobalSection(SolutionProperties) = preSolution
		HideSolutionNode = FALSE
	EndGlobalSection
	GlobalSection(ExtensibilityGlobals) = postSolution
		SolutionGuid = {A8BF2ED7-44B5-4B36-9B36-87D667BA673E}
	EndGlobalSection
EndGlobal
